# Prisma Migrate lockfile v1

20200831165612-init
20200911062451-add-bot
20200913063349-add-interaction
20200913152020-add-created-at
20200913160532-create-order
20200915115800-create-conversations
20200915120144-create-anszers
20200915120712-add-kind-to-interaction
20200915121844-add-content-to-answer
20200917172742-conversation-bot-required